
Microsoft Visual Studio Solution File, Format Version 12.00
# Visual Studio Version 16
VisualStudioVersion = 16.0.31005.135
MinimumVisualStudioVersion = 10.0.40219.1
Project("{8BC9CEB8-8B4A-11D0-8D11-00A0C91BC942}") = "Week 1", "Week 1\Week 1.vcxproj", "{921E3138-7F12-4E99-836C-902E5CDD22D6}"
EndProject
Project("{8BC9CEB8-8B4A-11D0-8D11-00A0C91BC942}") = "Week 2", "Week 2\Week 2.vcxproj", "{BAC8AB57-29DE-40CD-A91A-1738D019A9CD}"
EndProject
Project("{8BC9CEB8-8B4A-11D0-8D11-00A0C91BC942}") = "Week 3", "Week 3\Week 3.vcxproj", "{B29E562F-3AFC-4A87-8818-CC691EF2BC5D}"
EndProject
Project("{8BC9CEB8-8B4A-11D0-8D11-00A0C91BC942}") = "Week 4", "Week 4\Week 4.vcxproj", "{58DC57B0-819A-485B-A657-3650263A162A}"
EndProject
Project("{8BC9CEB8-8B4A-11D0-8D11-00A0C91BC942}") = "Week 5", "Week 5\Week 5.vcxproj", "{0B9D3046-9366-4B83-A7C1-26533CB020D2}"
EndProject
Project("{8BC9CEB8-8B4A-11D0-8D11-00A0C91BC942}") = "Week 6", "Week 6\Week 6.vcxproj", "{875B63FC-7474-42EA-AE55-67BDCD2B8AB6}"
EndProject
Project("{8BC9CEB8-8B4A-11D0-8D11-00A0C91BC942}") = "Week 9", "Week 9\Week 9.vcxproj", "{D26450A1-E57C-4C9E-95D7-7D56A8E521CA}"
EndProject
Project("{8BC9CEB8-8B4A-11D0-8D11-00A0C91BC942}") = "Week 10", "Week 10\Week 10.vcxproj", "{66C01256-D4AC-4DD9-86DB-FC177EBEC627}"
EndProject
Project("{8BC9CEB8-8B4A-11D0-8D11-00A0C91BC942}") = "Week 11", "Week 11\Week 11.vcxproj", "{5A319733-65BC-4607-ADE7-E23FEB9C2FBA}"
EndProject
Project("{8BC9CEB8-8B4A-11D0-8D11-00A0C91BC942}") = "Week 12", "Week 12\Week 12.vcxproj", "{1286BE47-BC26-4003-A3ED-DF97088B1702}"
EndProject
Project("{8BC9CEB8-8B4A-11D0-8D11-00A0C91BC942}") = "Week 13", "Week 13\Week 13.vcxproj", "{2020B6E9-3D54-489E-B5C1-DDCB2DA80B6E}"
EndProject
Global
	GlobalSection(SolutionConfigurationPlatforms) = preSolution
		Debug|x64 = Debug|x64
		Debug|x86 = Debug|x86
		Release|x64 = Release|x64
		Release|x86 = Release|x86
	EndGlobalSection
	GlobalSection(ProjectConfigurationPlatforms) = postSolution
		{921E3138-7F12-4E99-836C-902E5CDD22D6}.Debug|x64.ActiveCfg = Debug|x64
		{921E3138-7F12-4E99-836C-902E5CDD22D6}.Debug|x64.Build.0 = Debug|x64
		{921E3138-7F12-4E99-836C-902E5CDD22D6}.Debug|x86.ActiveCfg = Debug|Win32
		{921E3138-7F12-4E99-836C-902E5CDD22D6}.Debug|x86.Build.0 = Debug|Win32
		{921E3138-7F12-4E99-836C-902E5CDD22D6}.Release|x64.ActiveCfg = Release|x64
		{921E3138-7F12-4E99-836C-902E5CDD22D6}.Release|x64.Build.0 = Release|x64
		{921E3138-7F12-4E99-836C-902E5CDD22D6}.Release|x86.ActiveCfg = Release|Win32
		{921E3138-7F12-4E99-836C-902E5CDD22D6}.Release|x86.Build.0 = Release|Win32
		{BAC8AB57-29DE-40CD-A91A-1738D019A9CD}.Debug|x64.ActiveCfg = Debug|x64
		{BAC8AB57-29DE-40CD-A91A-1738D019A9CD}.Debug|x64.Build.0 = Debug|x64
		{BAC8AB57-29DE-40CD-A91A-1738D019A9CD}.Debug|x86.ActiveCfg = Debug|Win32
		{BAC8AB57-29DE-40CD-A91A-1738D019A9CD}.Debug|x86.Build.0 = Debug|Win32
		{BAC8AB57-29DE-40CD-A91A-1738D019A9CD}.Release|x64.ActiveCfg = Release|x64
		{BAC8AB57-29DE-40CD-A91A-1738D019A9CD}.Release|x64.Build.0 = Release|x64
		{BAC8AB57-29DE-40CD-A91A-1738D019A9CD}.Release|x86.ActiveCfg = Release|Win32
		{BAC8AB57-29DE-40CD-A91A-1738D019A9CD}.Release|x86.Build.0 = Release|Win32
		{B29E562F-3AFC-4A87-8818-CC691EF2BC5D}.Debug|x64.ActiveCfg = Debug|x64
		{B29E562F-3AFC-4A87-8818-CC691EF2BC5D}.Debug|x64.Build.0 = Debug|x64
		{B29E562F-3AFC-4A87-8818-CC691EF2BC5D}.Debug|x86.ActiveCfg = Debug|Win32
		{B29E562F-3AFC-4A87-8818-CC691EF2BC5D}.Debug|x86.Build.0 = Debug|Win32
		{B29E562F-3AFC-4A87-8818-CC691EF2BC5D}.Release|x64.ActiveCfg = Release|x64
		{B29E562F-3AFC-4A87-8818-CC691EF2BC5D}.Release|x64.Build.0 = Release|x64
		{B29E562F-3AFC-4A87-8818-CC691EF2BC5D}.Release|x86.ActiveCfg = Release|Win32
		{B29E562F-3AFC-4A87-8818-CC691EF2BC5D}.Release|x86.Build.0 = Release|Win32
		{58DC57B0-819A-485B-A657-3650263A162A}.Debug|x64.ActiveCfg = Debug|x64
		{58DC57B0-819A-485B-A657-3650263A162A}.Debug|x64.Build.0 = Debug|x64
		{58DC57B0-819A-485B-A657-3650263A162A}.Debug|x86.ActiveCfg = Debug|Win32
		{58DC57B0-819A-485B-A657-3650263A162A}.Debug|x86.Build.0 = Debug|Win32
		{58DC57B0-819A-485B-A657-3650263A162A}.Release|x64.ActiveCfg = Release|x64
		{58DC57B0-819A-485B-A657-3650263A162A}.Release|x64.Build.0 = Release|x64
		{58DC57B0-819A-485B-A657-3650263A162A}.Release|x86.ActiveCfg = Release|Win32
		{58DC57B0-819A-485B-A657-3650263A162A}.Release|x86.Build.0 = Release|Win32
		{0B9D3046-9366-4B83-A7C1-26533CB020D2}.Debug|x64.ActiveCfg = Debug|x64
		{0B9D3046-9366-4B83-A7C1-26533CB020D2}.Debug|x64.Build.0 = Debug|x64
		{0B9D3046-9366-4B83-A7C1-26533CB020D2}.Debug|x86.ActiveCfg = Debug|Win32
		{0B9D3046-9366-4B83-A7C1-26533CB020D2}.Debug|x86.Build.0 = Debug|Win32
		{0B9D3046-9366-4B83-A7C1-26533CB020D2}.Release|x64.ActiveCfg = Release|x64
		{0B9D3046-9366-4B83-A7C1-26533CB020D2}.Release|x64.Build.0 = Release|x64
		{0B9D3046-9366-4B83-A7C1-26533CB020D2}.Release|x86.ActiveCfg = Release|Win32
		{0B9D3046-9366-4B83-A7C1-26533CB020D2}.Release|x86.Build.0 = Release|Win32
		{875B63FC-7474-42EA-AE55-67BDCD2B8AB6}.Debug|x64.ActiveCfg = Debug|x64
		{875B63FC-7474-42EA-AE55-67BDCD2B8AB6}.Debug|x64.Build.0 = Debug|x64
		{875B63FC-7474-42EA-AE55-67BDCD2B8AB6}.Debug|x86.ActiveCfg = Debug|Win32
		{875B63FC-7474-42EA-AE55-67BDCD2B8AB6}.Debug|x86.Build.0 = Debug|Win32
		{875B63FC-7474-42EA-AE55-67BDCD2B8AB6}.Release|x64.ActiveCfg = Release|x64
		{875B63FC-7474-42EA-AE55-67BDCD2B8AB6}.Release|x64.Build.0 = Release|x64
		{875B63FC-7474-42EA-AE55-67BDCD2B8AB6}.Release|x86.ActiveCfg = Release|Win32
		{875B63FC-7474-42EA-AE55-67BDCD2B8AB6}.Release|x86.Build.0 = Release|Win32
		{D26450A1-E57C-4C9E-95D7-7D56A8E521CA}.Debug|x64.ActiveCfg = Debug|x64
		{D26450A1-E57C-4C9E-95D7-7D56A8E521CA}.Debug|x64.Build.0 = Debug|x64
		{D26450A1-E57C-4C9E-95D7-7D56A8E521CA}.Debug|x86.ActiveCfg = Debug|Win32
		{D26450A1-E57C-4C9E-95D7-7D56A8E521CA}.Debug|x86.Build.0 = Debug|Win32
		{D26450A1-E57C-4C9E-95D7-7D56A8E521CA}.Release|x64.ActiveCfg = Release|x64
		{D26450A1-E57C-4C9E-95D7-7D56A8E521CA}.Release|x64.Build.0 = Release|x64
		{D26450A1-E57C-4C9E-95D7-7D56A8E521CA}.Release|x86.ActiveCfg = Release|Win32
		{D26450A1-E57C-4C9E-95D7-7D56A8E521CA}.Release|x86.Build.0 = Release|Win32
		{66C01256-D4AC-4DD9-86DB-FC177EBEC627}.Debug|x64.ActiveCfg = Debug|x64
		{66C01256-D4AC-4DD9-86DB-FC177EBEC627}.Debug|x64.Build.0 = Debug|x64
		{66C01256-D4AC-4DD9-86DB-FC177EBEC627}.Debug|x86.ActiveCfg = Debug|Win32
		{66C01256-D4AC-4DD9-86DB-FC177EBEC627}.Debug|x86.Build.0 = Debug|Win32
		{66C01256-D4AC-4DD9-86DB-FC177EBEC627}.Release|x64.ActiveCfg = Release|x64
		{66C01256-D4AC-4DD9-86DB-FC177EBEC627}.Release|x64.Build.0 = Release|x64
		{66C01256-D4AC-4DD9-86DB-FC177EBEC627}.Release|x86.ActiveCfg = Release|Win32
		{66C01256-D4AC-4DD9-86DB-FC177EBEC627}.Release|x86.Build.0 = Release|Win32
		{5A319733-65BC-4607-ADE7-E23FEB9C2FBA}.Debug|x64.ActiveCfg = Debug|x64
		{5A319733-65BC-4607-ADE7-E23FEB9C2FBA}.Debug|x64.Build.0 = Debug|x64
		{5A319733-65BC-4607-ADE7-E23FEB9C2FBA}.Debug|x86.ActiveCfg = Debug|Win32
		{5A319733-65BC-4607-ADE7-E23FEB9C2FBA}.Debug|x86.Build.0 = Debug|Win32
		{5A319733-65BC-4607-ADE7-E23FEB9C2FBA}.Release|x64.ActiveCfg = Release|x64
		{5A319733-65BC-4607-ADE7-E23FEB9C2FBA}.Release|x64.Build.0 = Release|x64
		{5A319733-65BC-4607-ADE7-E23FEB9C2FBA}.Release|x86.ActiveCfg = Release|Win32
		{5A319733-65BC-4607-ADE7-E23FEB9C2FBA}.Release|x86.Build.0 = Release|Win32
		{1286BE47-BC26-4003-A3ED-DF97088B1702}.Debug|x64.ActiveCfg = Debug|x64
		{1286BE47-BC26-4003-A3ED-DF97088B1702}.Debug|x64.Build.0 = Debug|x64
		{1286BE47-BC26-4003-A3ED-DF97088B1702}.Debug|x86.ActiveCfg = Debug|Win32
		{1286BE47-BC26-4003-A3ED-DF97088B1702}.Debug|x86.Build.0 = Debug|Win32
		{1286BE47-BC26-4003-A3ED-DF97088B1702}.Release|x64.ActiveCfg = Release|x64
		{1286BE47-BC26-4003-A3ED-DF97088B1702}.Release|x64.Build.0 = Release|x64
		{1286BE47-BC26-4003-A3ED-DF97088B1702}.Release|x86.ActiveCfg = Release|Win32
		{1286BE47-BC26-4003-A3ED-DF97088B1702}.Release|x86.Build.0 = Release|Win32
		{2020B6E9-3D54-489E-B5C1-DDCB2DA80B6E}.Debug|x64.ActiveCfg = Debug|x64
		{2020B6E9-3D54-489E-B5C1-DDCB2DA80B6E}.Debug|x64.Build.0 = Debug|x64
		{2020B6E9-3D54-489E-B5C1-DDCB2DA80B6E}.Debug|x86.ActiveCfg = Debug|Win32
		{2020B6E9-3D54-489E-B5C1-DDCB2DA80B6E}.Debug|x86.Build.0 = Debug|Win32
		{2020B6E9-3D54-489E-B5C1-DDCB2DA80B6E}.Release|x64.ActiveCfg = Release|x64
		{2020B6E9-3D54-489E-B5C1-DDCB2DA80B6E}.Release|x64.Build.0 = Release|x64
		{2020B6E9-3D54-489E-B5C1-DDCB2DA80B6E}.Release|x86.ActiveCfg = Release|Win32
		{2020B6E9-3D54-489E-B5C1-DDCB2DA80B6E}.Release|x86.Build.0 = Release|Win32
	EndGlobalSection
	GlobalSection(SolutionProperties) = preSolution
		HideSolutionNode = FALSE
	EndGlobalSection
	GlobalSection(ExtensibilityGlobals) = postSolution
		SolutionGuid = {97DE30C9-5B44-4212-B891-5FA4C517750E}
	EndGlobalSection
EndGlobal
